// !$*UTF8*$!
{
	archiveVersion = 1;
	classes = {
	};
	objectVersion = 55;
	objects = {

/* Begin PBXBuildFile section */
		5C85173628D4C32500532063 /* Print_lyApp.swift in Sources */ = {isa = PBXBuildFile; fileRef = 5C85173528D4C32500532063 /* Print_lyApp.swift */; };
		5C85173A28D4C32600532063 /* Assets.xcassets in Resources */ = {isa = PBXBuildFile; fileRef = 5C85173928D4C32600532063 /* Assets.xcassets */; };
		5C85173D28D4C32600532063 /* Preview Assets.xcassets in Resources */ = {isa = PBXBuildFile; fileRef = 5C85173C28D4C32600532063 /* Preview Assets.xcassets */; };
		5CE88DCE28D7EF69003FE4C7 /* Profile.swift in Sources */ = {isa = PBXBuildFile; fileRef = 5CE88DCD28D7EF69003FE4C7 /* Profile.swift */; };
		5CE88DD028D7EFD0003FE4C7 /* TabBar.swift in Sources */ = {isa = PBXBuildFile; fileRef = 5CE88DCF28D7EFD0003FE4C7 /* TabBar.swift */; };
		5CE88DD228D7F4DD003FE4C7 /* Basket.swift in Sources */ = {isa = PBXBuildFile; fileRef = 5CE88DD128D7F4DD003FE4C7 /* Basket.swift */; };
		5CE88DD428D7F682003FE4C7 /* MainView.swift in Sources */ = {isa = PBXBuildFile; fileRef = 5CE88DD328D7F682003FE4C7 /* MainView.swift */; };
		5CE88DD628D7F95E003FE4C7 /* DetailView.swift in Sources */ = {isa = PBXBuildFile; fileRef = 5CE88DD528D7F95E003FE4C7 /* DetailView.swift */; };
		5CE88DD928D7FB64003FE4C7 /* DetailsScroll.swift in Sources */ = {isa = PBXBuildFile; fileRef = 5CE88DD828D7FB64003FE4C7 /* DetailsScroll.swift */; };
		5CE88DDB28D7FBAC003FE4C7 /* Cards.swift in Sources */ = {isa = PBXBuildFile; fileRef = 5CE88DDA28D7FBAC003FE4C7 /* Cards.swift */; };
		5CE88DDD28D7FC1F003FE4C7 /* Sample Data.swift in Sources */ = {isa = PBXBuildFile; fileRef = 5CE88DDC28D7FC1F003FE4C7 /* Sample Data.swift */; };
		5CE88DE828D8ADE9003FE4C7 /* CartManager.swift in Sources */ = {isa = PBXBuildFile; fileRef = 5CE88DE728D8ADE9003FE4C7 /* CartManager.swift */; };
/* End PBXBuildFile section */

/* Begin PBXFileReference section */
		5C85173228D4C32500532063 /* Print-ly.app */ = {isa = PBXFileReference; explicitFileType = wrapper.application; includeInIndex = 0; path = "Print-ly.app"; sourceTree = BUILT_PRODUCTS_DIR; };
		5C85173528D4C32500532063 /* Print_lyApp.swift */ = {isa = PBXFileReference; lastKnownFileType = sourcecode.swift; path = Print_lyApp.swift; sourceTree = "<group>"; };
		5C85173928D4C32600532063 /* Assets.xcassets */ = {isa = PBXFileReference; lastKnownFileType = folder.assetcatalog; path = Assets.xcassets; sourceTree = "<group>"; };
		5C85173C28D4C32600532063 /* Preview Assets.xcassets */ = {isa = PBXFileReference; lastKnownFileType = folder.assetcatalog; path = "Preview Assets.xcassets"; sourceTree = "<group>"; };
		5CE88DCD28D7EF69003FE4C7 /* Profile.swift */ = {isa = PBXFileReference; lastKnownFileType = sourcecode.swift; path = Profile.swift; sourceTree = "<group>"; };
		5CE88DCF28D7EFD0003FE4C7 /* TabBar.swift */ = {isa = PBXFileReference; lastKnownFileType = sourcecode.swift; path = TabBar.swift; sourceTree = "<group>"; };
		5CE88DD128D7F4DD003FE4C7 /* Basket.swift */ = {isa = PBXFileReference; lastKnownFileType = sourcecode.swift; path = Basket.swift; sourceTree = "<group>"; };
		5CE88DD328D7F682003FE4C7 /* MainView.swift */ = {isa = PBXFileReference; lastKnownFileType = sourcecode.swift; path = MainView.swift; sourceTree = "<group>"; };
		5CE88DD528D7F95E003FE4C7 /* DetailView.swift */ = {isa = PBXFileReference; lastKnownFileType = sourcecode.swift; path = DetailView.swift; sourceTree = "<group>"; };
		5CE88DD828D7FB64003FE4C7 /* DetailsScroll.swift */ = {isa = PBXFileReference; lastKnownFileType = sourcecode.swift; path = DetailsScroll.swift; sourceTree = "<group>"; };
		5CE88DDA28D7FBAC003FE4C7 /* Cards.swift */ = {isa = PBXFileReference; lastKnownFileType = sourcecode.swift; path = Cards.swift; sourceTree = "<group>"; };
		5CE88DDC28D7FC1F003FE4C7 /* Sample Data.swift */ = {isa = PBXFileReference; lastKnownFileType = sourcecode.swift; path = "Sample Data.swift"; sourceTree = "<group>"; };
		5CE88DE728D8ADE9003FE4C7 /* CartManager.swift */ = {isa = PBXFileReference; lastKnownFileType = sourcecode.swift; path = CartManager.swift; sourceTree = "<group>"; };
/* End PBXFileReference section */

/* Begin PBXFrameworksBuildPhase section */
		5C85172F28D4C32500532063 /* Frameworks */ = {
			isa = PBXFrameworksBuildPhase;
			buildActionMask = 2147483647;
			files = (
			);
			runOnlyForDeploymentPostprocessing = 0;
		};
/* End PBXFrameworksBuildPhase section */

/* Begin PBXGroup section */
		5C85172928D4C32500532063 = {
			isa = PBXGroup;
			children = (
				5CE88DE728D8ADE9003FE4C7 /* CartManager.swift */,
				5C85173428D4C32500532063 /* Print-ly */,
				5C85173328D4C32500532063 /* Products */,
			);
			sourceTree = "<group>";
		};
		5C85173328D4C32500532063 /* Products */ = {
			isa = PBXGroup;
			children = (
				5C85173228D4C32500532063 /* Print-ly.app */,
			);
			name = Products;
			sourceTree = "<group>";
		};
		5C85173428D4C32500532063 /* Print-ly */ = {
			isa = PBXGroup;
			children = (
				5CE88DDC28D7FC1F003FE4C7 /* Sample Data.swift */,
				5CE88DDE28D7FC4C003FE4C7 /* Tabs */,
				5C85173928D4C32600532063 /* Assets.xcassets */,
				5C85173B28D4C32600532063 /* Preview Content */,
			);
			path = "Print-ly";
			sourceTree = "<group>";
		};
		5C85173B28D4C32600532063 /* Preview Content */ = {
			isa = PBXGroup;
			children = (
				5C85173C28D4C32600532063 /* Preview Assets.xcassets */,
			);
			path = "Preview Content";
			sourceTree = "<group>";
		};
		5CE88DD728D7FB22003FE4C7 /* Home */ = {
			isa = PBXGroup;
			children = (
				5C85173528D4C32500532063 /* Print_lyApp.swift */,
				5CE88DD528D7F95E003FE4C7 /* DetailView.swift */,
				5CE88DD828D7FB64003FE4C7 /* DetailsScroll.swift */,
				5CE88DDA28D7FBAC003FE4C7 /* Cards.swift */,
				5CE88DD328D7F682003FE4C7 /* MainView.swift */,
			);
			path = Home;
			sourceTree = "<group>";
		};
		5CE88DDE28D7FC4C003FE4C7 /* Tabs */ = {
			isa = PBXGroup;
			children = (
				5CE88DCF28D7EFD0003FE4C7 /* TabBar.swift */,
				5CE88DEB28D8E4A4003FE4C7 /* Basket(Cart) */,
				5CE88DD728D7FB22003FE4C7 /* Home */,
				5CE88DE028D7FC85003FE4C7 /* Profile */,
			);
			path = Tabs;
			sourceTree = "<group>";
		};
		5CE88DE028D7FC85003FE4C7 /* Profile */ = {
			isa = PBXGroup;
			children = (
				5CE88DCD28D7EF69003FE4C7 /* Profile.swift */,
			);
			path = Profile;
			sourceTree = "<group>";
		};
		5CE88DEB28D8E4A4003FE4C7 /* Basket(Cart) */ = {
			isa = PBXGroup;
			children = (
				5CE88DD128D7F4DD003FE4C7 /* Basket.swift */,
			);
			path = "Basket(Cart)";
			sourceTree = "<group>";
		};
/* End PBXGroup section */

/* Begin PBXNativeTarget section */
		5C85173128D4C32500532063 /* Print-ly */ = {
			isa = PBXNativeTarget;
			buildConfigurationList = 5C85174028D4C32600532063 /* Build configuration list for PBXNativeTarget "Print-ly" */;
			buildPhases = (
				5C85172E28D4C32500532063 /* Sources */,
				5C85172F28D4C32500532063 /* Frameworks */,
				5C85173028D4C32500532063 /* Resources */,
			);
			buildRules = (
			);
			dependencies = (
			);
			name = "Print-ly";
			productName = "Print-ly";
			productReference = 5C85173228D4C32500532063 /* Print-ly.app */;
			productType = "com.apple.product-type.application";
		};
/* End PBXNativeTarget section */

/* Begin PBXProject section */
		5C85172A28D4C32500532063 /* Project object */ = {
			isa = PBXProject;
			attributes = {
				BuildIndependentTargetsInParallel = 1;
				LastSwiftUpdateCheck = 1340;
				LastUpgradeCheck = 1340;
				TargetAttributes = {
					5C85173128D4C32500532063 = {
						CreatedOnToolsVersion = 13.4.1;
					};
				};
			};
			buildConfigurationList = 5C85172D28D4C32500532063 /* Build configuration list for PBXProject "Print-ly" */;
			compatibilityVersion = "Xcode 13.0";
			developmentRegion = en;
			hasScannedForEncodings = 0;
			knownRegions = (
				en,
				Base,
			);
			mainGroup = 5C85172928D4C32500532063;
			productRefGroup = 5C85173328D4C32500532063 /* Products */;
			projectDirPath = "";
			projectRoot = "";
			targets = (
				5C85173128D4C32500532063 /* Print-ly */,
			);
		};
/* End PBXProject section */

/* Begin PBXResourcesBuildPhase section */
		5C85173028D4C32500532063 /* Resources */ = {
			isa = PBXResourcesBuildPhase;
			buildActionMask = 2147483647;
			files = (
				5C85173D28D4C32600532063 /* Preview Assets.xcassets in Resources */,
				5C85173A28D4C32600532063 /* Assets.xcassets in Resources */,
			);
			runOnlyForDeploymentPostprocessing = 0;
		};
/* End PBXResourcesBuildPhase section */

/* Begin PBXSourcesBuildPhase section */
		5C85172E28D4C32500532063 /* Sources */ = {
			isa = PBXSourcesBuildPhase;
			buildActionMask = 2147483647;
			files = (
				5CE88DD428D7F682003FE4C7 /* MainView.swift in Sources */,
				5CE88DDD28D7FC1F003FE4C7 /* Sample Data.swift in Sources */,
				5CE88DCE28D7EF69003FE4C7 /* Profile.swift in Sources */,
				5CE88DDB28D7FBAC003FE4C7 /* Cards.swift in Sources */,
				5CE88DD928D7FB64003FE4C7 /* DetailsScroll.swift in Sources */,
				5CE88DE828D8ADE9003FE4C7 /* CartManager.swift in Sources */,
				5CE88DD628D7F95E003FE4C7 /* DetailView.swift in Sources */,
				5CE88DD228D7F4DD003FE4C7 /* Basket.swift in Sources */,
				5C85173628D4C32500532063 /* Print_lyApp.swift in Sources */,
				5CE88DD028D7EFD0003FE4C7 /* TabBar.swift in Sources */,
			);
			runOnlyForDeploymentPostprocessing = 0;
		};
/* End PBXSourcesBuildPhase section */

/* Begin XCBuildConfiguration section */
		5C85173E28D4C32600532063 /* Debug */ = {
			isa = XCBuildConfiguration;
			buildSettings = {
				ALWAYS_SEARCH_USER_PATHS = NO;
				CLANG_ANALYZER_NONNULL = YES;
				CLANG_ANALYZER_NUMBER_OBJECT_CONVERSION = YES_AGGRESSIVE;
				CLANG_CXX_LANGUAGE_STANDARD = "gnu++17";
				CLANG_ENABLE_MODULES = YES;
				CLANG_ENABLE_OBJC_ARC = YES;
				CLANG_ENABLE_OBJC_WEAK = YES;
				CLANG_WARN_BLOCK_CAPTURE_AUTORELEASING = YES;
				CLANG_WARN_BOOL_CONVERSION = YES;
				CLANG_WARN_COMMA = YES;
				CLANG_WARN_CONSTANT_CONVERSION = YES;
				CLANG_WARN_DEPRECATED_OBJC_IMPLEMENTATIONS = YES;
				CLANG_WARN_DIRECT_OBJC_ISA_USAGE = YES_ERROR;
				CLANG_WARN_DOCUMENTATION_COMMENTS = YES;
				CLANG_WARN_EMPTY_BODY = YES;
				CLANG_WARN_ENUM_CONVERSION = YES;
				CLANG_WARN_INFINITE_RECURSION = YES;
				CLANG_WARN_INT_CONVERSION = YES;
				CLANG_WARN_NON_LITERAL_NULL_CONVERSION = YES;
				CLANG_WARN_OBJC_IMPLICIT_RETAIN_SELF = YES;
				CLANG_WARN_OBJC_LITERAL_CONVERSION = YES;
				CLANG_WARN_OBJC_ROOT_CLASS = YES_ERROR;
				CLANG_WARN_QUOTED_INCLUDE_IN_FRAMEWORK_HEADER = YES;
				CLANG_WARN_RANGE_LOOP_ANALYSIS = YES;
				CLANG_WARN_STRICT_PROTOTYPES = YES;
				CLANG_WARN_SUSPICIOUS_MOVE = YES;
				CLANG_WARN_UNGUARDED_AVAILABILITY = YES_AGGRESSIVE;
				CLANG_WARN_UNREACHABLE_CODE = YES;
				CLANG_WARN__DUPLICATE_METHOD_MATCH = YES;
				COPY_PHASE_STRIP = NO;
				DEBUG_INFORMATION_FORMAT = dwarf;
				ENABLE_STRICT_OBJC_MSGSEND = YES;
				ENABLE_TESTABILITY = YES;
				GCC_C_LANGUAGE_STANDARD = gnu11;
				GCC_DYNAMIC_NO_PIC = NO;
				GCC_NO_COMMON_BLOCKS = YES;
				GCC_OPTIMIZATION_LEVEL = 0;
				GCC_PREPROCESSOR_DEFINITIONS = (
					"DEBUG=1",
					"$(inherited)",
				);
				GCC_WARN_64_TO_32_BIT_CONVERSION = YES;
				GCC_WARN_ABOUT_RETURN_TYPE = YES_ERROR;
				GCC_WARN_UNDECLARED_SELECTOR = YES;
				GCC_WARN_UNINITIALIZED_AUTOS = YES_AGGRESSIVE;
				GCC_WARN_UNUSED_FUNCTION = YES;
				GCC_WARN_UNUSED_VARIABLE = YES;
				IPHONEOS_DEPLOYMENT_TARGET = 15.5;
				MTL_ENABLE_DEBUG_INFO = INCLUDE_SOURCE;
				MTL_FAST_MATH = YES;
				ONLY_ACTIVE_ARCH = YES;
				SDKROOT = iphoneos;
				SWIFT_ACTIVE_COMPILATION_CONDITIONS = DEBUG;
				SWIFT_OPTIMIZATION_LEVEL = "-Onone";
			};
			name = Debug;
		};
		5C85173F28D4C32600532063 /* Release */ = {
			isa = XCBuildConfiguration;
			buildSettings = {
				ALWAYS_SEARCH_USER_PATHS = NO;
				CLANG_ANALYZER_NONNULL = YES;
				CLANG_ANALYZER_NUMBER_OBJECT_CONVERSION = YES_AGGRESSIVE;
				CLANG_CXX_LANGUAGE_STANDARD = "gnu++17";
				CLANG_ENABLE_MODULES = YES;
				CLANG_ENABLE_OBJC_ARC = YES;
				CLANG_ENABLE_OBJC_WEAK = YES;
				CLANG_WARN_BLOCK_CAPTURE_AUTORELEASING = YES;
				CLANG_WARN_BOOL_CONVERSION = YES;
				CLANG_WARN_COMMA = YES;
				CLANG_WARN_CONSTANT_CONVERSION = YES;
				CLANG_WARN_DEPRECATED_OBJC_IMPLEMENTATIONS = YES;
				CLANG_WARN_DIRECT_OBJC_ISA_USAGE = YES_ERROR;
				CLANG_WARN_DOCUMENTATION_COMMENTS = YES;
				CLANG_WARN_EMPTY_BODY = YES;
				CLANG_WARN_ENUM_CONVERSION = YES;
				CLANG_WARN_INFINITE_RECURSION = YES;
				CLANG_WARN_INT_CONVERSION = YES;
				CLANG_WARN_NON_LITERAL_NULL_CONVERSION = YES;
				CLANG_WARN_OBJC_IMPLICIT_RETAIN_SELF = YES;
				CLANG_WARN_OBJC_LITERAL_CONVERSION = YES;
				CLANG_WARN_OBJC_ROOT_CLASS = YES_ERROR;
				CLANG_WARN_QUOTED_INCLUDE_IN_FRAMEWORK_HEADER = YES;
				CLANG_WARN_RANGE_LOOP_ANALYSIS = YES;
				CLANG_WARN_STRICT_PROTOTYPES = YES;
				CLANG_WARN_SUSPICIOUS_MOVE = YES;
				CLANG_WARN_UNGUARDED_AVAILABILITY = YES_AGGRESSIVE;
				CLANG_WARN_UNREACHABLE_CODE = YES;
				CLANG_WARN__DUPLICATE_METHOD_MATCH = YES;
				COPY_PHASE_STRIP = NO;
				DEBUG_INFORMATION_FORMAT = "dwarf-with-dsym";
				ENABLE_NS_ASSERTIONS = NO;
				ENABLE_STRICT_OBJC_MSGSEND = YES;
				GCC_C_LANGUAGE_STANDARD = gnu11;
				GCC_NO_COMMON_BLOCKS = YES;
				GCC_WARN_64_TO_32_BIT_CONVERSION = YES;
				GCC_WARN_ABOUT_RETURN_TYPE = YES_ERROR;
				GCC_WARN_UNDECLARED_SELECTOR = YES;
				GCC_WARN_UNINITIALIZED_AUTOS = YES_AGGRESSIVE;
				GCC_WARN_UNUSED_FUNCTION = YES;
				GCC_WARN_UNUSED_VARIABLE = YES;
				IPHONEOS_DEPLOYMENT_TARGET = 15.5;
				MTL_ENABLE_DEBUG_INFO = NO;
				MTL_FAST_MATH = YES;
				SDKROOT = iphoneos;
				SWIFT_COMPILATION_MODE = wholemodule;
				SWIFT_OPTIMIZATION_LEVEL = "-O";
				VALIDATE_PRODUCT = YES;
			};
			name = Release;
		};
		5C85174128D4C32600532063 /* Debug */ = {
			isa = XCBuildConfiguration;
			buildSettings = {
				ASSETCATALOG_COMPILER_APPICON_NAME = AppIcon;
				ASSETCATALOG_COMPILER_GLOBAL_ACCENT_COLOR_NAME = AccentColor;
				CODE_SIGN_STYLE = Automatic;
				CURRENT_PROJECT_VERSION = 1;
				DEVELOPMENT_ASSET_PATHS = "\"Print-ly/Preview Content\"";
				DEVELOPMENT_TEAM = S4879RU3BC;
				ENABLE_PREVIEWS = YES;
				GENERATE_INFOPLIST_FILE = YES;
				INFOPLIST_KEY_UIApplicationSceneManifest_Generation = YES;
				INFOPLIST_KEY_UIApplicationSupportsIndirectInputEvents = YES;
				INFOPLIST_KEY_UILaunchScreen_Generation = YES;
				INFOPLIST_KEY_UISupportedInterfaceOrientations_iPad = "UIInterfaceOrientationPortrait UIInterfaceOrientationPortraitUpsideDown UIInterfaceOrientationLandscapeLeft UIInterfaceOrientationLandscapeRight";
				INFOPLIST_KEY_UISupportedInterfaceOrientations_iPhone = "UIInterfaceOrientationPortrait UIInterfaceOrientationLandscapeLeft UIInterfaceOrientationLandscapeRight";
				LD_RUNPATH_SEARCH_PATHS = (
					"$(inherited)",
					"@executable_path/Frameworks",
				);
				MARKETING_VERSION = 1.0;
				PRODUCT_BUNDLE_IDENTIFIER = "maryam.Print-ly";
				PRODUCT_NAME = "$(TARGET_NAME)";
				SWIFT_EMIT_LOC_STRINGS = YES;
				SWIFT_VERSION = 5.0;
				TARGETED_DEVICE_FAMILY = "1,2";
			};
			name = Debug;
		};
		5C85174228D4C32600532063 /* Release */ = {
			isa = XCBuildConfiguration;
			buildSettings = {
				ASSETCATALOG_COMPILER_APPICON_NAME = AppIcon;
				ASSETCATALOG_COMPILER_GLOBAL_ACCENT_COLOR_NAME = AccentColor;
				CODE_SIGN_STYLE = Automatic;
				CURRENT_PROJECT_VERSION = 1;
				DEVELOPMENT_ASSET_PATHS = "\"Print-ly/Preview Content\"";
				DEVELOPMENT_TEAM = S4879RU3BC;
				ENABLE_PREVIEWS = YES;
				GENERATE_INFOPLIST_FILE = YES;
				INFOPLIST_KEY_UIApplicationSceneManifest_Generation = YES;
				INFOPLIST_KEY_UIApplicationSupportsIndirectInputEvents = YES;
				INFOPLIST_KEY_UILaunchScreen_Generation = YES;
				INFOPLIST_KEY_UISupportedInterfaceOrientations_iPad = "UIInterfaceOrientationPortrait UIInterfaceOrientationPortraitUpsideDown UIInterfaceOrientationLandscapeLeft UIInterfaceOrientationLandscapeRight";
				INFOPLIST_KEY_UISupportedInterfaceOrientations_iPhone = "UIInterfaceOrientationPortrait UIInterfaceOrientationLandscapeLeft UIInterfaceOrientationLandscapeRight";
				LD_RUNPATH_SEARCH_PATHS = (
					"$(inherited)",
					"@executable_path/Frameworks",
				);
				MARKETING_VERSION = 1.0;
				PRODUCT_BUNDLE_IDENTIFIER = "maryam.Print-ly";
				PRODUCT_NAME = "$(TARGET_NAME)";
				SWIFT_EMIT_LOC_STRINGS = YES;
				SWIFT_VERSION = 5.0;
				TARGETED_DEVICE_FAMILY = "1,2";
			};
			name = Release;
		};
/* End XCBuildConfiguration section */

/* Begin XCConfigurationList section */
		5C85172D28D4C32500532063 /* Build configuration list for PBXProject "Print-ly" */ = {
			isa = XCConfigurationList;
			buildConfigurations = (
				5C85173E28D4C32600532063 /* Debug */,
				5C85173F28D4C32600532063 /* Release */,
			);
			defaultConfigurationIsVisible = 0;
			defaultConfigurationName = Release;
		};
		5C85174028D4C32600532063 /* Build configuration list for PBXNativeTarget "Print-ly" */ = {
			isa = XCConfigurationList;
			buildConfigurations = (
				5C85174128D4C32600532063 /* Debug */,
				5C85174228D4C32600532063 /* Release */,
			);
			defaultConfigurationIsVisible = 0;
			defaultConfigurationName = Release;
		};
/* End XCConfigurationList section */
	};
	rootObject = 5C85172A28D4C32500532063 /* Project object */;
}
